
Microsoft Visual Studio Solution File, Format Version 12.00
# Visual Studio Version 17
VisualStudioVersion = 17.3.32922.545
MinimumVisualStudioVersion = 10.0.40219.1
Project("{FAE04EC0-301F-11D3-BF4B-00C04F79EFBC}") = "Lab10WpfApp", "Lab10WpfApp.csproj", "{9334CF2D-A492-4146-8CC2-775DF4C305E4}"
EndProject
Global
	GlobalSection(SolutionConfigurationPlatforms) = preSolution
		Debug|Any CPU = Debug|Any CPU
		Release|Any CPU = Release|Any CPU
	EndGlobalSection
	GlobalSection(ProjectConfigurationPlatforms) = postSolution
		{9334CF2D-A492-4146-8CC2-775DF4C305E4}.Debug|Any CPU.ActiveCfg = Debug|Any CPU
		{9334CF2D-A492-4146-8CC2-775DF4C305E4}.Debug|Any CPU.Build.0 = Debug|Any CPU
		{9334CF2D-A492-4146-8CC2-775DF4C305E4}.Release|Any CPU.ActiveCfg = Release|Any CPU
		{9334CF2D-A492-4146-8CC2-775DF4C305E4}.Release|Any CPU.Build.0 = Release|Any CPU
	EndGlobalSection
	GlobalSection(SolutionProperties) = preSolution
		HideSolutionNode = FALSE
	EndGlobalSection
	GlobalSection(ExtensibilityGlobals) = postSolution
		SolutionGuid = {85BB9A80-AF6B-495D-A772-ADE2BCA91F06}
	EndGlobalSection
EndGlobal
